// !$*UTF8*$!
{
	archiveVersion = 1;
	classes = {
	};
	objectVersion = 46;
	objects = {

/* Begin PBXBuildFile section */
		182532491E7146E90038F58E /* main.m in Sources */ = {isa = PBXBuildFile; fileRef = 182532481E7146E90038F58E /* main.m */; };
		1825324C1E7146E90038F58E /* AppDelegate.m in Sources */ = {isa = PBXBuildFile; fileRef = 1825324B1E7146E90038F58E /* AppDelegate.m */; };
		1825324F1E7146E90038F58E /* ViewController.m in Sources */ = {isa = PBXBuildFile; fileRef = 1825324E1E7146E90038F58E /* ViewController.m */; };
		182532521E7146E90038F58E /* Main.storyboard in Resources */ = {isa = PBXBuildFile; fileRef = 182532501E7146E90038F58E /* Main.storyboard */; };
		182532541E7146E90038F58E /* Assets.xcassets in Resources */ = {isa = PBXBuildFile; fileRef = 182532531E7146E90038F58E /* Assets.xcassets */; };
		182532571E7146E90038F58E /* LaunchScreen.storyboard in Resources */ = {isa = PBXBuildFile; fileRef = 182532551E7146E90038F58E /* LaunchScreen.storyboard */; };
/* End PBXBuildFile section */

/* Begin PBXFileReference section */
		182532441E7146E90038F58E /* scrollViewAuto.app */ = {isa = PBXFileReference; explicitFileType = wrapper.application; includeInIndex = 0; path = scrollViewAuto.app; sourceTree = BUILT_PRODUCTS_DIR; };
		182532481E7146E90038F58E /* main.m */ = {isa = PBXFileReference; lastKnownFileType = sourcecode.c.objc; path = main.m; sourceTree = "<group>"; };
		1825324A1E7146E90038F58E /* AppDelegate.h */ = {isa = PBXFileReference; lastKnownFileType = sourcecode.c.h; path = AppDelegate.h; sourceTree = "<group>"; };
		1825324B1E7146E90038F58E /* AppDelegate.m */ = {isa = PBXFileReference; lastKnownFileType = sourcecode.c.objc; path = AppDelegate.m; sourceTree = "<group>"; };
		1825324D1E7146E90038F58E /* ViewController.h */ = {isa = PBXFileReference; lastKnownFileType = sourcecode.c.h; path = ViewController.h; sourceTree = "<group>"; };
		1825324E1E7146E90038F58E /* ViewController.m */ = {isa = PBXFileReference; lastKnownFileType = sourcecode.c.objc; path = ViewController.m; sourceTree = "<group>"; };
		182532511E7146E90038F58E /* Base */ = {isa = PBXFileReference; lastKnownFileType = file.storyboard; name = Base; path = Base.lproj/Main.storyboard; sourceTree = "<group>"; };
		182532531E7146E90038F58E /* Assets.xcassets */ = {isa = PBXFileReference; lastKnownFileType = folder.assetcatalog; path = Assets.xcassets; sourceTree = "<group>"; };
		182532561E7146E90038F58E /* Base */ = {isa = PBXFileReference; lastKnownFileType = file.storyboard; name = Base; path = Base.lproj/LaunchScreen.storyboard; sourceTree = "<group>"; };
		182532581E7146E90038F58E /* Info.plist */ = {isa = PBXFileReference; lastKnownFileType = text.plist.xml; path = Info.plist; sourceTree = "<group>"; };
/* End PBXFileReference section */

/* Begin PBXFrameworksBuildPhase section */
		182532411E7146E90038F58E /* Frameworks */ = {
			isa = PBXFrameworksBuildPhase;
			buildActionMask = 2147483647;
			files = (
			);
			runOnlyForDeploymentPostprocessing = 0;
		};
/* End PBXFrameworksBuildPhase section */

/* Begin PBXGroup section */
		1825323B1E7146E90038F58E = {
			isa = PBXGroup;
			children = (
				182532461E7146E90038F58E /* scrollViewAuto */,
				182532451E7146E90038F58E /* Products */,
			);
			sourceTree = "<group>";
		};
		182532451E7146E90038F58E /* Products */ = {
			isa = PBXGroup;
			children = (
				182532441E7146E90038F58E /* scrollViewAuto.app */,
			);
			name = Products;
			sourceTree = "<group>";
		};
		182532461E7146E90038F58E /* scrollViewAuto */ = {
			isa = PBXGroup;
			children = (
				1825324A1E7146E90038F58E /* AppDelegate.h */,
				1825324B1E7146E90038F58E /* AppDelegate.m */,
				1825324D1E7146E90038F58E /* ViewController.h */,
				1825324E1E7146E90038F58E /* ViewController.m */,
				182532501E7146E90038F58E /* Main.storyboard */,
				182532531E7146E90038F58E /* Assets.xcassets */,
				182532551E7146E90038F58E /* LaunchScreen.storyboard */,
				182532581E7146E90038F58E /* Info.plist */,
				182532471E7146E90038F58E /* Supporting Files */,
			);
			path = scrollViewAuto;
			sourceTree = "<group>";
		};
		182532471E7146E90038F58E /* Supporting Files */ = {
			isa = PBXGroup;
			children = (
				182532481E7146E90038F58E /* main.m */,
			);
			name = "Supporting Files";
			sourceTree = "<group>";
		};
/* End PBXGroup section */

/* Begin PBXNativeTarget section */
		182532431E7146E90038F58E /* scrollViewAuto */ = {
			isa = PBXNativeTarget;
			buildConfigurationList = 1825325B1E7146E90038F58E /* Build configuration list for PBXNativeTarget "scrollViewAuto" */;
			buildPhases = (
				182532401E7146E90038F58E /* Sources */,
				182532411E7146E90038F58E /* Frameworks */,
				182532421E7146E90038F58E /* Resources */,
			);
			buildRules = (
			);
			dependencies = (
			);
			name = scrollViewAuto;
			productName = scrollViewAuto;
			productReference = 182532441E7146E90038F58E /* scrollViewAuto.app */;
			productType = "com.apple.product-type.application";
		};
/* End PBXNativeTarget section */

/* Begin PBXProject section */
		1825323C1E7146E90038F58E /* Project object */ = {
			isa = PBXProject;
			attributes = {
				LastUpgradeCheck = 0820;
				ORGANIZATIONNAME = xingrui;
				TargetAttributes = {
					182532431E7146E90038F58E = {
						CreatedOnToolsVersion = 8.2.1;
						DevelopmentTeam = 77393G83KM;
						ProvisioningStyle = Automatic;
					};
				};
			};
			buildConfigurationList = 1825323F1E7146E90038F58E /* Build configuration list for PBXProject "scrollViewAuto" */;
			compatibilityVersion = "Xcode 3.2";
			developmentRegion = English;
			hasScannedForEncodings = 0;
			knownRegions = (
				en,
				Base,
			);
			mainGroup = 1825323B1E7146E90038F58E;
			productRefGroup = 182532451E7146E90038F58E /* Products */;
			projectDirPath = "";
			projectRoot = "";
			targets = (
				182532431E7146E90038F58E /* scrollViewAuto */,
			);
		};
/* End PBXProject section */

/* Begin PBXResourcesBuildPhase section */
		182532421E7146E90038F58E /* Resources */ = {
			isa = PBXResourcesBuildPhase;
			buildActionMask = 2147483647;
			files = (
				182532571E7146E90038F58E /* LaunchScreen.storyboard in Resources */,
				182532541E7146E90038F58E /* Assets.xcassets in Resources */,
				182532521E7146E90038F58E /* Main.storyboard in Resources */,
			);
			runOnlyForDeploymentPostprocessing = 0;
		};
/* End PBXResourcesBuildPhase section */

/* Begin PBXSourcesBuildPhase section */
		182532401E7146E90038F58E /* Sources */ = {
			isa = PBXSourcesBuildPhase;
			buildActionMask = 2147483647;
			files = (
				1825324F1E7146E90038F58E /* ViewController.m in Sources */,
				1825324C1E7146E90038F58E /* AppDelegate.m in Sources */,
				182532491E7146E90038F58E /* main.m in Sources */,
			);
			runOnlyForDeploymentPostprocessing = 0;
		};
/* End PBXSourcesBuildPhase section */

/* Begin PBXVariantGroup section */
		182532501E7146E90038F58E /* Main.storyboard */ = {
			isa = PBXVariantGroup;
			children = (
				182532511E7146E90038F58E /* Base */,
			);
			name = Main.storyboard;
			sourceTree = "<group>";
		};
		182532551E7146E90038F58E /* LaunchScreen.storyboard */ = {
			isa = PBXVariantGroup;
			children = (
				182532561E7146E90038F58E /* Base */,
			);
			name = LaunchScreen.storyboard;
			sourceTree = "<group>";
		};
/* End PBXVariantGroup section */

/* Begin XCBuildConfiguration section */
		182532591E7146E90038F58E /* Debug */ = {
			isa = XCBuildConfiguration;
			buildSettings = {
				ALWAYS_SEARCH_USER_PATHS = NO;
				CLANG_ANALYZER_NONNULL = YES;
				CLANG_CXX_LANGUAGE_STANDARD = "gnu++0x";
				CLANG_CXX_LIBRARY = "libc++";
				CLANG_ENABLE_MODULES = YES;
				CLANG_ENABLE_OBJC_ARC = YES;
				CLANG_WARN_BOOL_CONVERSION = YES;
				CLANG_WARN_CONSTANT_CONVERSION = YES;
				CLANG_WARN_DIRECT_OBJC_ISA_USAGE = YES_ERROR;
				CLANG_WARN_DOCUMENTATION_COMMENTS = YES;
				CLANG_WARN_EMPTY_BODY = YES;
				CLANG_WARN_ENUM_CONVERSION = YES;
				CLANG_WARN_INFINITE_RECURSION = YES;
				CLANG_WARN_INT_CONVERSION = YES;
				CLANG_WARN_OBJC_ROOT_CLASS = YES_ERROR;
				CLANG_WARN_SUSPICIOUS_MOVE = YES;
				CLANG_WARN_UNREACHABLE_CODE = YES;
				CLANG_WARN__DUPLICATE_METHOD_MATCH = YES;
				"CODE_SIGN_IDENTITY[sdk=iphoneos*]" = "iPhone Developer";
				COPY_PHASE_STRIP = NO;
				DEBUG_INFORMATION_FORMAT = dwarf;
				ENABLE_STRICT_OBJC_MSGSEND = YES;
				ENABLE_TESTABILITY = YES;
				GCC_C_LANGUAGE_STANDARD = gnu99;
				GCC_DYNAMIC_NO_PIC = NO;
				GCC_NO_COMMON_BLOCKS = YES;
				GCC_OPTIMIZATION_LEVEL = 0;
				GCC_PREPROCESSOR_DEFINITIONS = (
					"DEBUG=1",
					"$(inherited)",
				);
				GCC_WARN_64_TO_32_BIT_CONVERSION = YES;
				GCC_WARN_ABOUT_RETURN_TYPE = YES_ERROR;
				GCC_WARN_UNDECLARED_SELECTOR = YES;
				GCC_WARN_UNINITIALIZED_AUTOS = YES_AGGRESSIVE;
				GCC_WARN_UNUSED_FUNCTION = YES;
				GCC_WARN_UNUSED_VARIABLE = YES;
				IPHONEOS_DEPLOYMENT_TARGET = 10.2;
				MTL_ENABLE_DEBUG_INFO = YES;
				ONLY_ACTIVE_ARCH = YES;
				SDKROOT = iphoneos;
				TARGETED_DEVICE_FAMILY = "1,2";
			};
			name = Debug;
		};
		1825325A1E7146E90038F58E /* Release */ = {
			isa = XCBuildConfiguration;
			buildSettings = {
				ALWAYS_SEARCH_USER_PATHS = NO;
				CLANG_ANALYZER_NONNULL = YES;
				CLANG_CXX_LANGUAGE_STANDARD = "gnu++0x";
				CLANG_CXX_LIBRARY = "libc++";
				CLANG_ENABLE_MODULES = YES;
				CLANG_ENABLE_OBJC_ARC = YES;
				CLANG_WARN_BOOL_CONVERSION = YES;
				CLANG_WARN_CONSTANT_CONVERSION = YES;
				CLANG_WARN_DIRECT_OBJC_ISA_USAGE = YES_ERROR;
				CLANG_WARN_DOCUMENTATION_COMMENTS = YES;
				CLANG_WARN_EMPTY_BODY = YES;
				CLANG_WARN_ENUM_CONVERSION = YES;
				CLANG_WARN_INFINITE_RECURSION = YES;
				CLANG_WARN_INT_CONVERSION = YES;
				CLANG_WARN_OBJC_ROOT_CLASS = YES_ERROR;
				CLANG_WARN_SUSPICIOUS_MOVE = YES;
				CLANG_WARN_UNREACHABLE_CODE = YES;
				CLANG_WARN__DUPLICATE_METHOD_MATCH = YES;
				"CODE_SIGN_IDENTITY[sdk=iphoneos*]" = "iPhone Developer";
				COPY_PHASE_STRIP = NO;
				DEBUG_INFORMATION_FORMAT = "dwarf-with-dsym";
				ENABLE_NS_ASSERTIONS = NO;
				ENABLE_STRICT_OBJC_MSGSEND = YES;
				GCC_C_LANGUAGE_STANDARD = gnu99;
				GCC_NO_COMMON_BLOCKS = YES;
				GCC_WARN_64_TO_32_BIT_CONVERSION = YES;
				GCC_WARN_ABOUT_RETURN_TYPE = YES_ERROR;
				GCC_WARN_UNDECLARED_SELECTOR = YES;
				GCC_WARN_UNINITIALIZED_AUTOS = YES_AGGRESSIVE;
				GCC_WARN_UNUSED_FUNCTION = YES;
				GCC_WARN_UNUSED_VARIABLE = YES;
				IPHONEOS_DEPLOYMENT_TARGET = 10.2;
				MTL_ENABLE_DEBUG_INFO = NO;
				SDKROOT = iphoneos;
				TARGETED_DEVICE_FAMILY = "1,2";
				VALIDATE_PRODUCT = YES;
			};
			name = Release;
		};
		1825325C1E7146E90038F58E /* Debug */ = {
			isa = XCBuildConfiguration;
			buildSettings = {
				ASSETCATALOG_COMPILER_APPICON_NAME = AppIcon;
				DEVELOPMENT_TEAM = 77393G83KM;
				INFOPLIST_FILE = scrollViewAuto/Info.plist;
				LD_RUNPATH_SEARCH_PATHS = "$(inherited) @executable_path/Frameworks";
				PRODUCT_BUNDLE_IDENTIFIER = com.xingrui.scrollViewAuto;
				PRODUCT_NAME = "$(TARGET_NAME)";
			};
			name = Debug;
		};
		1825325D1E7146E90038F58E /* Release */ = {
			isa = XCBuildConfiguration;
			buildSettings = {
				ASSETCATALOG_COMPILER_APPICON_NAME = AppIcon;
				DEVELOPMENT_TEAM = 77393G83KM;
				INFOPLIST_FILE = scrollViewAuto/Info.plist;
				LD_RUNPATH_SEARCH_PATHS = "$(inherited) @executable_path/Frameworks";
				PRODUCT_BUNDLE_IDENTIFIER = com.xingrui.scrollViewAuto;
				PRODUCT_NAME = "$(TARGET_NAME)";
			};
			name = Release;
		};
/* End XCBuildConfiguration section */

/* Begin XCConfigurationList section */
		1825323F1E7146E90038F58E /* Build configuration list for PBXProject "scrollViewAuto" */ = {
			isa = XCConfigurationList;
			buildConfigurations = (
				182532591E7146E90038F58E /* Debug */,
				1825325A1E7146E90038F58E /* Release */,
			);
			defaultConfigurationIsVisible = 0;
			defaultConfigurationName = Release;
		};
		1825325B1E7146E90038F58E /* Build configuration list for PBXNativeTarget "scrollViewAuto" */ = {
			isa = XCConfigurationList;
			buildConfigurations = (
				1825325C1E7146E90038F58E /* Debug */,
				1825325D1E7146E90038F58E /* Release */,
			);
			defaultConfigurationIsVisible = 0;
		};
/* End XCConfigurationList section */
	};
	rootObject = 1825323C1E7146E90038F58E /* Project object */;
}
